// !$*UTF8*$!
{
	archiveVersion = 1;
	classes = {
	};
	objectVersion = 46;
	objects = {

/* Begin PBXBuildFile section */
		EF5945FE1DCE07AC00A1C145 /* AppDelegate.swift in Sources */ = {isa = PBXBuildFile; fileRef = EF5945FD1DCE07AC00A1C145 /* AppDelegate.swift */; };
		EF5946001DCE07AC00A1C145 /* ViewController.swift in Sources */ = {isa = PBXBuildFile; fileRef = EF5945FF1DCE07AC00A1C145 /* ViewController.swift */; };
		EF5946031DCE07AC00A1C145 /* Main.storyboard in Resources */ = {isa = PBXBuildFile; fileRef = EF5946011DCE07AC00A1C145 /* Main.storyboard */; };
		EF5946051DCE07AC00A1C145 /* Assets.xcassets in Resources */ = {isa = PBXBuildFile; fileRef = EF5946041DCE07AC00A1C145 /* Assets.xcassets */; };
		EF5946081DCE07AC00A1C145 /* LaunchScreen.storyboard in Resources */ = {isa = PBXBuildFile; fileRef = EF5946061DCE07AC00A1C145 /* LaunchScreen.storyboard */; };
		EF5946101DCE07CB00A1C145 /* Person.swift in Sources */ = {isa = PBXBuildFile; fileRef = EF59460F1DCE07CB00A1C145 /* Person.swift */; };
		EF5946121DCE0CE300A1C145 /* Student.swift in Sources */ = {isa = PBXBuildFile; fileRef = EF5946111DCE0CE300A1C145 /* Student.swift */; };
/* End PBXBuildFile section */

/* Begin PBXFileReference section */
		EF5945FA1DCE07AC00A1C145 /* SWift(构造函数).app */ = {isa = PBXFileReference; explicitFileType = wrapper.application; includeInIndex = 0; path = "SWift(构造函数).app"; sourceTree = BUILT_PRODUCTS_DIR; };
		EF5945FD1DCE07AC00A1C145 /* AppDelegate.swift */ = {isa = PBXFileReference; lastKnownFileType = sourcecode.swift; path = AppDelegate.swift; sourceTree = "<group>"; };
		EF5945FF1DCE07AC00A1C145 /* ViewController.swift */ = {isa = PBXFileReference; lastKnownFileType = sourcecode.swift; path = ViewController.swift; sourceTree = "<group>"; };
		EF5946021DCE07AC00A1C145 /* Base */ = {isa = PBXFileReference; lastKnownFileType = file.storyboard; name = Base; path = Base.lproj/Main.storyboard; sourceTree = "<group>"; };
		EF5946041DCE07AC00A1C145 /* Assets.xcassets */ = {isa = PBXFileReference; lastKnownFileType = folder.assetcatalog; path = Assets.xcassets; sourceTree = "<group>"; };
		EF5946071DCE07AC00A1C145 /* Base */ = {isa = PBXFileReference; lastKnownFileType = file.storyboard; name = Base; path = Base.lproj/LaunchScreen.storyboard; sourceTree = "<group>"; };
		EF5946091DCE07AC00A1C145 /* Info.plist */ = {isa = PBXFileReference; lastKnownFileType = text.plist.xml; path = Info.plist; sourceTree = "<group>"; };
		EF59460F1DCE07CB00A1C145 /* Person.swift */ = {isa = PBXFileReference; fileEncoding = 4; lastKnownFileType = sourcecode.swift; path = Person.swift; sourceTree = "<group>"; };
		EF5946111DCE0CE300A1C145 /* Student.swift */ = {isa = PBXFileReference; fileEncoding = 4; lastKnownFileType = sourcecode.swift; path = Student.swift; sourceTree = "<group>"; };
/* End PBXFileReference section */

/* Begin PBXFrameworksBuildPhase section */
		EF5945F71DCE07AB00A1C145 /* Frameworks */ = {
			isa = PBXFrameworksBuildPhase;
			buildActionMask = 2147483647;
			files = (
			);
			runOnlyForDeploymentPostprocessing = 0;
		};
/* End PBXFrameworksBuildPhase section */

/* Begin PBXGroup section */
		EF5945F11DCE07AB00A1C145 = {
			isa = PBXGroup;
			children = (
				EF5945FC1DCE07AC00A1C145 /* SWift(构造函数) */,
				EF5945FB1DCE07AC00A1C145 /* Products */,
			);
			sourceTree = "<group>";
		};
		EF5945FB1DCE07AC00A1C145 /* Products */ = {
			isa = PBXGroup;
			children = (
				EF5945FA1DCE07AC00A1C145 /* SWift(构造函数).app */,
			);
			name = Products;
			sourceTree = "<group>";
		};
		EF5945FC1DCE07AC00A1C145 /* SWift(构造函数) */ = {
			isa = PBXGroup;
			children = (
				EF5945FD1DCE07AC00A1C145 /* AppDelegate.swift */,
				EF5945FF1DCE07AC00A1C145 /* ViewController.swift */,
				EF59460F1DCE07CB00A1C145 /* Person.swift */,
				EF5946111DCE0CE300A1C145 /* Student.swift */,
				EF5946011DCE07AC00A1C145 /* Main.storyboard */,
				EF5946041DCE07AC00A1C145 /* Assets.xcassets */,
				EF5946061DCE07AC00A1C145 /* LaunchScreen.storyboard */,
				EF5946091DCE07AC00A1C145 /* Info.plist */,
			);
			path = "SWift(构造函数)";
			sourceTree = "<group>";
		};
/* End PBXGroup section */

/* Begin PBXNativeTarget section */
		EF5945F91DCE07AB00A1C145 /* SWift(构造函数) */ = {
			isa = PBXNativeTarget;
			buildConfigurationList = EF59460C1DCE07AC00A1C145 /* Build configuration list for PBXNativeTarget "SWift(构造函数)" */;
			buildPhases = (
				EF5945F61DCE07AB00A1C145 /* Sources */,
				EF5945F71DCE07AB00A1C145 /* Frameworks */,
				EF5945F81DCE07AB00A1C145 /* Resources */,
			);
			buildRules = (
			);
			dependencies = (
			);
			name = "SWift(构造函数)";
			productName = "SWift(构造函数)";
			productReference = EF5945FA1DCE07AC00A1C145 /* SWift(构造函数).app */;
			productType = "com.apple.product-type.application";
		};
/* End PBXNativeTarget section */

/* Begin PBXProject section */
		EF5945F21DCE07AB00A1C145 /* Project object */ = {
			isa = PBXProject;
			attributes = {
				LastSwiftUpdateCheck = 0810;
				LastUpgradeCheck = 0810;
				ORGANIZATIONNAME = "叶杨杨";
				TargetAttributes = {
					EF5945F91DCE07AB00A1C145 = {
						CreatedOnToolsVersion = 8.1;
						DevelopmentTeam = 5ZG9E62T9E;
						ProvisioningStyle = Automatic;
					};
				};
			};
			buildConfigurationList = EF5945F51DCE07AB00A1C145 /* Build configuration list for PBXProject "SWift(构造函数)" */;
			compatibilityVersion = "Xcode 3.2";
			developmentRegion = English;
			hasScannedForEncodings = 0;
			knownRegions = (
				en,
				Base,
			);
			mainGroup = EF5945F11DCE07AB00A1C145;
			productRefGroup = EF5945FB1DCE07AC00A1C145 /* Products */;
			projectDirPath = "";
			projectRoot = "";
			targets = (
				EF5945F91DCE07AB00A1C145 /* SWift(构造函数) */,
			);
		};
/* End PBXProject section */

/* Begin PBXResourcesBuildPhase section */
		EF5945F81DCE07AB00A1C145 /* Resources */ = {
			isa = PBXResourcesBuildPhase;
			buildActionMask = 2147483647;
			files = (
				EF5946081DCE07AC00A1C145 /* LaunchScreen.storyboard in Resources */,
				EF5946051DCE07AC00A1C145 /* Assets.xcassets in Resources */,
				EF5946031DCE07AC00A1C145 /* Main.storyboard in Resources */,
			);
			runOnlyForDeploymentPostprocessing = 0;
		};
/* End PBXResourcesBuildPhase section */

/* Begin PBXSourcesBuildPhase section */
		EF5945F61DCE07AB00A1C145 /* Sources */ = {
			isa = PBXSourcesBuildPhase;
			buildActionMask = 2147483647;
			files = (
				EF5946101DCE07CB00A1C145 /* Person.swift in Sources */,
				EF5946001DCE07AC00A1C145 /* ViewController.swift in Sources */,
				EF5945FE1DCE07AC00A1C145 /* AppDelegate.swift in Sources */,
				EF5946121DCE0CE300A1C145 /* Student.swift in Sources */,
			);
			runOnlyForDeploymentPostprocessing = 0;
		};
/* End PBXSourcesBuildPhase section */

/* Begin PBXVariantGroup section */
		EF5946011DCE07AC00A1C145 /* Main.storyboard */ = {
			isa = PBXVariantGroup;
			children = (
				EF5946021DCE07AC00A1C145 /* Base */,
			);
			name = Main.storyboard;
			sourceTree = "<group>";
		};
		EF5946061DCE07AC00A1C145 /* LaunchScreen.storyboard */ = {
			isa = PBXVariantGroup;
			children = (
				EF5946071DCE07AC00A1C145 /* Base */,
			);
			name = LaunchScreen.storyboard;
			sourceTree = "<group>";
		};
/* End PBXVariantGroup section */

/* Begin XCBuildConfiguration section */
		EF59460A1DCE07AC00A1C145 /* Debug */ = {
			isa = XCBuildConfiguration;
			buildSettings = {
				ALWAYS_SEARCH_USER_PATHS = NO;
				CLANG_ANALYZER_NONNULL = YES;
				CLANG_CXX_LANGUAGE_STANDARD = "gnu++0x";
				CLANG_CXX_LIBRARY = "libc++";
				CLANG_ENABLE_MODULES = YES;
				CLANG_ENABLE_OBJC_ARC = YES;
				CLANG_WARN_BOOL_CONVERSION = YES;
				CLANG_WARN_CONSTANT_CONVERSION = YES;
				CLANG_WARN_DIRECT_OBJC_ISA_USAGE = YES_ERROR;
				CLANG_WARN_DOCUMENTATION_COMMENTS = YES;
				CLANG_WARN_EMPTY_BODY = YES;
				CLANG_WARN_ENUM_CONVERSION = YES;
				CLANG_WARN_INFINITE_RECURSION = YES;
				CLANG_WARN_INT_CONVERSION = YES;
				CLANG_WARN_OBJC_ROOT_CLASS = YES_ERROR;
				CLANG_WARN_SUSPICIOUS_MOVES = YES;
				CLANG_WARN_UNREACHABLE_CODE = YES;
				CLANG_WARN__DUPLICATE_METHOD_MATCH = YES;
				"CODE_SIGN_IDENTITY[sdk=iphoneos*]" = "iPhone Developer";
				COPY_PHASE_STRIP = NO;
				DEBUG_INFORMATION_FORMAT = dwarf;
				ENABLE_STRICT_OBJC_MSGSEND = YES;
				ENABLE_TESTABILITY = YES;
				GCC_C_LANGUAGE_STANDARD = gnu99;
				GCC_DYNAMIC_NO_PIC = NO;
				GCC_NO_COMMON_BLOCKS = YES;
				GCC_OPTIMIZATION_LEVEL = 0;
				GCC_PREPROCESSOR_DEFINITIONS = (
					"DEBUG=1",
					"$(inherited)",
				);
				GCC_WARN_64_TO_32_BIT_CONVERSION = YES;
				GCC_WARN_ABOUT_RETURN_TYPE = YES_ERROR;
				GCC_WARN_UNDECLARED_SELECTOR = YES;
				GCC_WARN_UNINITIALIZED_AUTOS = YES_AGGRESSIVE;
				GCC_WARN_UNUSED_FUNCTION = YES;
				GCC_WARN_UNUSED_VARIABLE = YES;
				IPHONEOS_DEPLOYMENT_TARGET = 10.1;
				MTL_ENABLE_DEBUG_INFO = YES;
				ONLY_ACTIVE_ARCH = YES;
				SDKROOT = iphoneos;
				SWIFT_ACTIVE_COMPILATION_CONDITIONS = DEBUG;
				SWIFT_OPTIMIZATION_LEVEL = "-Onone";
				TARGETED_DEVICE_FAMILY = "1,2";
			};
			name = Debug;
		};
		EF59460B1DCE07AC00A1C145 /* Release */ = {
			isa = XCBuildConfiguration;
			buildSettings = {
				ALWAYS_SEARCH_USER_PATHS = NO;
				CLANG_ANALYZER_NONNULL = YES;
				CLANG_CXX_LANGUAGE_STANDARD = "gnu++0x";
				CLANG_CXX_LIBRARY = "libc++";
				CLANG_ENABLE_MODULES = YES;
				CLANG_ENABLE_OBJC_ARC = YES;
				CLANG_WARN_BOOL_CONVERSION = YES;
				CLANG_WARN_CONSTANT_CONVERSION = YES;
				CLANG_WARN_DIRECT_OBJC_ISA_USAGE = YES_ERROR;
				CLANG_WARN_DOCUMENTATION_COMMENTS = YES;
				CLANG_WARN_EMPTY_BODY = YES;
				CLANG_WARN_ENUM_CONVERSION = YES;
				CLANG_WARN_INFINITE_RECURSION = YES;
				CLANG_WARN_INT_CONVERSION = YES;
				CLANG_WARN_OBJC_ROOT_CLASS = YES_ERROR;
				CLANG_WARN_SUSPICIOUS_MOVES = YES;
				CLANG_WARN_UNREACHABLE_CODE = YES;
				CLANG_WARN__DUPLICATE_METHOD_MATCH = YES;
				"CODE_SIGN_IDENTITY[sdk=iphoneos*]" = "iPhone Developer";
				COPY_PHASE_STRIP = NO;
				DEBUG_INFORMATION_FORMAT = "dwarf-with-dsym";
				ENABLE_NS_ASSERTIONS = NO;
				ENABLE_STRICT_OBJC_MSGSEND = YES;
				GCC_C_LANGUAGE_STANDARD = gnu99;
				GCC_NO_COMMON_BLOCKS = YES;
				GCC_WARN_64_TO_32_BIT_CONVERSION = YES;
				GCC_WARN_ABOUT_RETURN_TYPE = YES_ERROR;
				GCC_WARN_UNDECLARED_SELECTOR = YES;
				GCC_WARN_UNINITIALIZED_AUTOS = YES_AGGRESSIVE;
				GCC_WARN_UNUSED_FUNCTION = YES;
				GCC_WARN_UNUSED_VARIABLE = YES;
				IPHONEOS_DEPLOYMENT_TARGET = 10.1;
				MTL_ENABLE_DEBUG_INFO = NO;
				SDKROOT = iphoneos;
				SWIFT_OPTIMIZATION_LEVEL = "-Owholemodule";
				TARGETED_DEVICE_FAMILY = "1,2";
				VALIDATE_PRODUCT = YES;
			};
			name = Release;
		};
		EF59460D1DCE07AC00A1C145 /* Debug */ = {
			isa = XCBuildConfiguration;
			buildSettings = {
				ASSETCATALOG_COMPILER_APPICON_NAME = AppIcon;
				DEVELOPMENT_TEAM = 5ZG9E62T9E;
				INFOPLIST_FILE = "SWift(构造函数)/Info.plist";
				LD_RUNPATH_SEARCH_PATHS = "$(inherited) @executable_path/Frameworks";
				PRODUCT_BUNDLE_IDENTIFIER = "yeyanyyang.SWift------";
				PRODUCT_NAME = "$(TARGET_NAME)";
				SWIFT_VERSION = 3.0;
			};
			name = Debug;
		};
		EF59460E1DCE07AC00A1C145 /* Release */ = {
			isa = XCBuildConfiguration;
			buildSettings = {
				ASSETCATALOG_COMPILER_APPICON_NAME = AppIcon;
				DEVELOPMENT_TEAM = 5ZG9E62T9E;
				INFOPLIST_FILE = "SWift(构造函数)/Info.plist";
				LD_RUNPATH_SEARCH_PATHS = "$(inherited) @executable_path/Frameworks";
				PRODUCT_BUNDLE_IDENTIFIER = "yeyanyyang.SWift------";
				PRODUCT_NAME = "$(TARGET_NAME)";
				SWIFT_VERSION = 3.0;
			};
			name = Release;
		};
/* End XCBuildConfiguration section */

/* Begin XCConfigurationList section */
		EF5945F51DCE07AB00A1C145 /* Build configuration list for PBXProject "SWift(构造函数)" */ = {
			isa = XCConfigurationList;
			buildConfigurations = (
				EF59460A1DCE07AC00A1C145 /* Debug */,
				EF59460B1DCE07AC00A1C145 /* Release */,
			);
			defaultConfigurationIsVisible = 0;
			defaultConfigurationName = Release;
		};
		EF59460C1DCE07AC00A1C145 /* Build configuration list for PBXNativeTarget "SWift(构造函数)" */ = {
			isa = XCConfigurationList;
			buildConfigurations = (
				EF59460D1DCE07AC00A1C145 /* Debug */,
				EF59460E1DCE07AC00A1C145 /* Release */,
			);
			defaultConfigurationIsVisible = 0;
		};
/* End XCConfigurationList section */
	};
	rootObject = EF5945F21DCE07AB00A1C145 /* Project object */;
}
