// !$*UTF8*$!
{
	archiveVersion = 1;
	classes = {
	};
	objectVersion = 46;
	objects = {

/* Begin PBXBuildFile section */
		EFD5D0431F63BDCE00D89F34 /* AppDelegate.swift in Sources */ = {isa = PBXBuildFile; fileRef = EFD5D0421F63BDCE00D89F34 /* AppDelegate.swift */; };
		EFD5D0451F63BDCE00D89F34 /* ViewController.swift in Sources */ = {isa = PBXBuildFile; fileRef = EFD5D0441F63BDCE00D89F34 /* ViewController.swift */; };
		EFD5D0481F63BDCE00D89F34 /* Main.storyboard in Resources */ = {isa = PBXBuildFile; fileRef = EFD5D0461F63BDCE00D89F34 /* Main.storyboard */; };
		EFD5D04A1F63BDCE00D89F34 /* Assets.xcassets in Resources */ = {isa = PBXBuildFile; fileRef = EFD5D0491F63BDCE00D89F34 /* Assets.xcassets */; };
		EFD5D04D1F63BDCE00D89F34 /* LaunchScreen.storyboard in Resources */ = {isa = PBXBuildFile; fileRef = EFD5D04B1F63BDCE00D89F34 /* LaunchScreen.storyboard */; };
/* End PBXBuildFile section */

/* Begin PBXFileReference section */
		EFD5D03F1F63BDCE00D89F34 /* Swift_autolayoutTip.app */ = {isa = PBXFileReference; explicitFileType = wrapper.application; includeInIndex = 0; path = Swift_autolayoutTip.app; sourceTree = BUILT_PRODUCTS_DIR; };
		EFD5D0421F63BDCE00D89F34 /* AppDelegate.swift */ = {isa = PBXFileReference; lastKnownFileType = sourcecode.swift; path = AppDelegate.swift; sourceTree = "<group>"; };
		EFD5D0441F63BDCE00D89F34 /* ViewController.swift */ = {isa = PBXFileReference; lastKnownFileType = sourcecode.swift; path = ViewController.swift; sourceTree = "<group>"; };
		EFD5D0471F63BDCE00D89F34 /* Base */ = {isa = PBXFileReference; lastKnownFileType = file.storyboard; name = Base; path = Base.lproj/Main.storyboard; sourceTree = "<group>"; };
		EFD5D0491F63BDCE00D89F34 /* Assets.xcassets */ = {isa = PBXFileReference; lastKnownFileType = folder.assetcatalog; path = Assets.xcassets; sourceTree = "<group>"; };
		EFD5D04C1F63BDCE00D89F34 /* Base */ = {isa = PBXFileReference; lastKnownFileType = file.storyboard; name = Base; path = Base.lproj/LaunchScreen.storyboard; sourceTree = "<group>"; };
		EFD5D04E1F63BDCE00D89F34 /* Info.plist */ = {isa = PBXFileReference; lastKnownFileType = text.plist.xml; path = Info.plist; sourceTree = "<group>"; };
/* End PBXFileReference section */

/* Begin PBXFrameworksBuildPhase section */
		EFD5D03C1F63BDCE00D89F34 /* Frameworks */ = {
			isa = PBXFrameworksBuildPhase;
			buildActionMask = 2147483647;
			files = (
			);
			runOnlyForDeploymentPostprocessing = 0;
		};
/* End PBXFrameworksBuildPhase section */

/* Begin PBXGroup section */
		EFD5D0361F63BDCE00D89F34 = {
			isa = PBXGroup;
			children = (
				EFD5D0411F63BDCE00D89F34 /* Swift_autolayoutTip */,
				EFD5D0401F63BDCE00D89F34 /* Products */,
			);
			sourceTree = "<group>";
		};
		EFD5D0401F63BDCE00D89F34 /* Products */ = {
			isa = PBXGroup;
			children = (
				EFD5D03F1F63BDCE00D89F34 /* Swift_autolayoutTip.app */,
			);
			name = Products;
			sourceTree = "<group>";
		};
		EFD5D0411F63BDCE00D89F34 /* Swift_autolayoutTip */ = {
			isa = PBXGroup;
			children = (
				EFD5D0421F63BDCE00D89F34 /* AppDelegate.swift */,
				EFD5D0441F63BDCE00D89F34 /* ViewController.swift */,
				EFD5D0461F63BDCE00D89F34 /* Main.storyboard */,
				EFD5D0491F63BDCE00D89F34 /* Assets.xcassets */,
				EFD5D04B1F63BDCE00D89F34 /* LaunchScreen.storyboard */,
				EFD5D04E1F63BDCE00D89F34 /* Info.plist */,
			);
			path = Swift_autolayoutTip;
			sourceTree = "<group>";
		};
/* End PBXGroup section */

/* Begin PBXNativeTarget section */
		EFD5D03E1F63BDCE00D89F34 /* Swift_autolayoutTip */ = {
			isa = PBXNativeTarget;
			buildConfigurationList = EFD5D0511F63BDCE00D89F34 /* Build configuration list for PBXNativeTarget "Swift_autolayoutTip" */;
			buildPhases = (
				EFD5D03B1F63BDCE00D89F34 /* Sources */,
				EFD5D03C1F63BDCE00D89F34 /* Frameworks */,
				EFD5D03D1F63BDCE00D89F34 /* Resources */,
			);
			buildRules = (
			);
			dependencies = (
			);
			name = Swift_autolayoutTip;
			productName = Swift_autolayoutTip;
			productReference = EFD5D03F1F63BDCE00D89F34 /* Swift_autolayoutTip.app */;
			productType = "com.apple.product-type.application";
		};
/* End PBXNativeTarget section */

/* Begin PBXProject section */
		EFD5D0371F63BDCE00D89F34 /* Project object */ = {
			isa = PBXProject;
			attributes = {
				LastSwiftUpdateCheck = 0830;
				LastUpgradeCheck = 0830;
				ORGANIZATIONNAME = "叶杨杨";
				TargetAttributes = {
					EFD5D03E1F63BDCE00D89F34 = {
						CreatedOnToolsVersion = 8.3.3;
						DevelopmentTeam = 5ZG9E62T9E;
						ProvisioningStyle = Automatic;
					};
				};
			};
			buildConfigurationList = EFD5D03A1F63BDCE00D89F34 /* Build configuration list for PBXProject "Swift_autolayoutTip" */;
			compatibilityVersion = "Xcode 3.2";
			developmentRegion = English;
			hasScannedForEncodings = 0;
			knownRegions = (
				en,
				Base,
			);
			mainGroup = EFD5D0361F63BDCE00D89F34;
			productRefGroup = EFD5D0401F63BDCE00D89F34 /* Products */;
			projectDirPath = "";
			projectRoot = "";
			targets = (
				EFD5D03E1F63BDCE00D89F34 /* Swift_autolayoutTip */,
			);
		};
/* End PBXProject section */

/* Begin PBXResourcesBuildPhase section */
		EFD5D03D1F63BDCE00D89F34 /* Resources */ = {
			isa = PBXResourcesBuildPhase;
			buildActionMask = 2147483647;
			files = (
				EFD5D04D1F63BDCE00D89F34 /* LaunchScreen.storyboard in Resources */,
				EFD5D04A1F63BDCE00D89F34 /* Assets.xcassets in Resources */,
				EFD5D0481F63BDCE00D89F34 /* Main.storyboard in Resources */,
			);
			runOnlyForDeploymentPostprocessing = 0;
		};
/* End PBXResourcesBuildPhase section */

/* Begin PBXSourcesBuildPhase section */
		EFD5D03B1F63BDCE00D89F34 /* Sources */ = {
			isa = PBXSourcesBuildPhase;
			buildActionMask = 2147483647;
			files = (
				EFD5D0451F63BDCE00D89F34 /* ViewController.swift in Sources */,
				EFD5D0431F63BDCE00D89F34 /* AppDelegate.swift in Sources */,
			);
			runOnlyForDeploymentPostprocessing = 0;
		};
/* End PBXSourcesBuildPhase section */

/* Begin PBXVariantGroup section */
		EFD5D0461F63BDCE00D89F34 /* Main.storyboard */ = {
			isa = PBXVariantGroup;
			children = (
				EFD5D0471F63BDCE00D89F34 /* Base */,
			);
			name = Main.storyboard;
			sourceTree = "<group>";
		};
		EFD5D04B1F63BDCE00D89F34 /* LaunchScreen.storyboard */ = {
			isa = PBXVariantGroup;
			children = (
				EFD5D04C1F63BDCE00D89F34 /* Base */,
			);
			name = LaunchScreen.storyboard;
			sourceTree = "<group>";
		};
/* End PBXVariantGroup section */

/* Begin XCBuildConfiguration section */
		EFD5D04F1F63BDCE00D89F34 /* Debug */ = {
			isa = XCBuildConfiguration;
			buildSettings = {
				ALWAYS_SEARCH_USER_PATHS = NO;
				CLANG_ANALYZER_NONNULL = YES;
				CLANG_ANALYZER_NUMBER_OBJECT_CONVERSION = YES_AGGRESSIVE;
				CLANG_CXX_LANGUAGE_STANDARD = "gnu++0x";
				CLANG_CXX_LIBRARY = "libc++";
				CLANG_ENABLE_MODULES = YES;
				CLANG_ENABLE_OBJC_ARC = YES;
				CLANG_WARN_BOOL_CONVERSION = YES;
				CLANG_WARN_CONSTANT_CONVERSION = YES;
				CLANG_WARN_DIRECT_OBJC_ISA_USAGE = YES_ERROR;
				CLANG_WARN_DOCUMENTATION_COMMENTS = YES;
				CLANG_WARN_EMPTY_BODY = YES;
				CLANG_WARN_ENUM_CONVERSION = YES;
				CLANG_WARN_INFINITE_RECURSION = YES;
				CLANG_WARN_INT_CONVERSION = YES;
				CLANG_WARN_OBJC_ROOT_CLASS = YES_ERROR;
				CLANG_WARN_SUSPICIOUS_MOVE = YES;
				CLANG_WARN_UNREACHABLE_CODE = YES;
				CLANG_WARN__DUPLICATE_METHOD_MATCH = YES;
				"CODE_SIGN_IDENTITY[sdk=iphoneos*]" = "iPhone Developer";
				COPY_PHASE_STRIP = NO;
				DEBUG_INFORMATION_FORMAT = dwarf;
				ENABLE_STRICT_OBJC_MSGSEND = YES;
				ENABLE_TESTABILITY = YES;
				GCC_C_LANGUAGE_STANDARD = gnu99;
				GCC_DYNAMIC_NO_PIC = NO;
				GCC_NO_COMMON_BLOCKS = YES;
				GCC_OPTIMIZATION_LEVEL = 0;
				GCC_PREPROCESSOR_DEFINITIONS = (
					"DEBUG=1",
					"$(inherited)",
				);
				GCC_WARN_64_TO_32_BIT_CONVERSION = YES;
				GCC_WARN_ABOUT_RETURN_TYPE = YES_ERROR;
				GCC_WARN_UNDECLARED_SELECTOR = YES;
				GCC_WARN_UNINITIALIZED_AUTOS = YES_AGGRESSIVE;
				GCC_WARN_UNUSED_FUNCTION = YES;
				GCC_WARN_UNUSED_VARIABLE = YES;
				IPHONEOS_DEPLOYMENT_TARGET = 10.3;
				MTL_ENABLE_DEBUG_INFO = YES;
				ONLY_ACTIVE_ARCH = YES;
				SDKROOT = iphoneos;
				SWIFT_ACTIVE_COMPILATION_CONDITIONS = DEBUG;
				SWIFT_OPTIMIZATION_LEVEL = "-Onone";
				TARGETED_DEVICE_FAMILY = "1,2";
			};
			name = Debug;
		};
		EFD5D0501F63BDCE00D89F34 /* Release */ = {
			isa = XCBuildConfiguration;
			buildSettings = {
				ALWAYS_SEARCH_USER_PATHS = NO;
				CLANG_ANALYZER_NONNULL = YES;
				CLANG_ANALYZER_NUMBER_OBJECT_CONVERSION = YES_AGGRESSIVE;
				CLANG_CXX_LANGUAGE_STANDARD = "gnu++0x";
				CLANG_CXX_LIBRARY = "libc++";
				CLANG_ENABLE_MODULES = YES;
				CLANG_ENABLE_OBJC_ARC = YES;
				CLANG_WARN_BOOL_CONVERSION = YES;
				CLANG_WARN_CONSTANT_CONVERSION = YES;
				CLANG_WARN_DIRECT_OBJC_ISA_USAGE = YES_ERROR;
				CLANG_WARN_DOCUMENTATION_COMMENTS = YES;
				CLANG_WARN_EMPTY_BODY = YES;
				CLANG_WARN_ENUM_CONVERSION = YES;
				CLANG_WARN_INFINITE_RECURSION = YES;
				CLANG_WARN_INT_CONVERSION = YES;
				CLANG_WARN_OBJC_ROOT_CLASS = YES_ERROR;
				CLANG_WARN_SUSPICIOUS_MOVE = YES;
				CLANG_WARN_UNREACHABLE_CODE = YES;
				CLANG_WARN__DUPLICATE_METHOD_MATCH = YES;
				"CODE_SIGN_IDENTITY[sdk=iphoneos*]" = "iPhone Developer";
				COPY_PHASE_STRIP = NO;
				DEBUG_INFORMATION_FORMAT = "dwarf-with-dsym";
				ENABLE_NS_ASSERTIONS = NO;
				ENABLE_STRICT_OBJC_MSGSEND = YES;
				GCC_C_LANGUAGE_STANDARD = gnu99;
				GCC_NO_COMMON_BLOCKS = YES;
				GCC_WARN_64_TO_32_BIT_CONVERSION = YES;
				GCC_WARN_ABOUT_RETURN_TYPE = YES_ERROR;
				GCC_WARN_UNDECLARED_SELECTOR = YES;
				GCC_WARN_UNINITIALIZED_AUTOS = YES_AGGRESSIVE;
				GCC_WARN_UNUSED_FUNCTION = YES;
				GCC_WARN_UNUSED_VARIABLE = YES;
				IPHONEOS_DEPLOYMENT_TARGET = 10.3;
				MTL_ENABLE_DEBUG_INFO = NO;
				SDKROOT = iphoneos;
				SWIFT_OPTIMIZATION_LEVEL = "-Owholemodule";
				TARGETED_DEVICE_FAMILY = "1,2";
				VALIDATE_PRODUCT = YES;
			};
			name = Release;
		};
		EFD5D0521F63BDCE00D89F34 /* Debug */ = {
			isa = XCBuildConfiguration;
			buildSettings = {
				ASSETCATALOG_COMPILER_APPICON_NAME = AppIcon;
				DEVELOPMENT_TEAM = 5ZG9E62T9E;
				INFOPLIST_FILE = Swift_autolayoutTip/Info.plist;
				LD_RUNPATH_SEARCH_PATHS = "$(inherited) @executable_path/Frameworks";
				PRODUCT_BUNDLE_IDENTIFIER = "yeyanyyang.Swift-autolayoutTip";
				PRODUCT_NAME = "$(TARGET_NAME)";
				SWIFT_VERSION = 3.0;
			};
			name = Debug;
		};
		EFD5D0531F63BDCE00D89F34 /* Release */ = {
			isa = XCBuildConfiguration;
			buildSettings = {
				ASSETCATALOG_COMPILER_APPICON_NAME = AppIcon;
				DEVELOPMENT_TEAM = 5ZG9E62T9E;
				INFOPLIST_FILE = Swift_autolayoutTip/Info.plist;
				LD_RUNPATH_SEARCH_PATHS = "$(inherited) @executable_path/Frameworks";
				PRODUCT_BUNDLE_IDENTIFIER = "yeyanyyang.Swift-autolayoutTip";
				PRODUCT_NAME = "$(TARGET_NAME)";
				SWIFT_VERSION = 3.0;
			};
			name = Release;
		};
/* End XCBuildConfiguration section */

/* Begin XCConfigurationList section */
		EFD5D03A1F63BDCE00D89F34 /* Build configuration list for PBXProject "Swift_autolayoutTip" */ = {
			isa = XCConfigurationList;
			buildConfigurations = (
				EFD5D04F1F63BDCE00D89F34 /* Debug */,
				EFD5D0501F63BDCE00D89F34 /* Release */,
			);
			defaultConfigurationIsVisible = 0;
			defaultConfigurationName = Release;
		};
		EFD5D0511F63BDCE00D89F34 /* Build configuration list for PBXNativeTarget "Swift_autolayoutTip" */ = {
			isa = XCConfigurationList;
			buildConfigurations = (
				EFD5D0521F63BDCE00D89F34 /* Debug */,
				EFD5D0531F63BDCE00D89F34 /* Release */,
			);
			defaultConfigurationIsVisible = 0;
		};
/* End XCConfigurationList section */
	};
	rootObject = EFD5D0371F63BDCE00D89F34 /* Project object */;
}
