// !$*UTF8*$!
{
	archiveVersion = 1;
	classes = {
	};
	objectVersion = 46;
	objects = {

/* Begin PBXBuildFile section */
		EF371FC61DE01F5C00AB5B86 /* AppDelegate.swift in Sources */ = {isa = PBXBuildFile; fileRef = EF371FC51DE01F5C00AB5B86 /* AppDelegate.swift */; };
		EF371FCD1DE01F5C00AB5B86 /* Assets.xcassets in Resources */ = {isa = PBXBuildFile; fileRef = EF371FCC1DE01F5C00AB5B86 /* Assets.xcassets */; };
		EF371FD01DE01F5C00AB5B86 /* LaunchScreen.storyboard in Resources */ = {isa = PBXBuildFile; fileRef = EF371FCE1DE01F5C00AB5B86 /* LaunchScreen.storyboard */; };
		EF371FE21DE0233A00AB5B86 /* WBMainViewController.swift in Sources */ = {isa = PBXBuildFile; fileRef = EF371FE11DE0233A00AB5B86 /* WBMainViewController.swift */; };
		EF371FE41DE0237100AB5B86 /* WBNavigationController.swift in Sources */ = {isa = PBXBuildFile; fileRef = EF371FE31DE0237100AB5B86 /* WBNavigationController.swift */; };
		EF371FE61DE023AB00AB5B86 /* WBBaseViewController.swift in Sources */ = {isa = PBXBuildFile; fileRef = EF371FE51DE023AB00AB5B86 /* WBBaseViewController.swift */; };
		EF371FE81DE023F500AB5B86 /* WBHomeViewController.swift in Sources */ = {isa = PBXBuildFile; fileRef = EF371FE71DE023F500AB5B86 /* WBHomeViewController.swift */; };
		EF371FEA1DE0240800AB5B86 /* WBMessageViewController.swift in Sources */ = {isa = PBXBuildFile; fileRef = EF371FE91DE0240800AB5B86 /* WBMessageViewController.swift */; };
		EF371FEC1DE0241600AB5B86 /* WBProfileViewController.swift in Sources */ = {isa = PBXBuildFile; fileRef = EF371FEB1DE0241600AB5B86 /* WBProfileViewController.swift */; };
		EF371FEE1DE0243100AB5B86 /* WBDiscoverViewController.swift in Sources */ = {isa = PBXBuildFile; fileRef = EF371FED1DE0243100AB5B86 /* WBDiscoverViewController.swift */; };
/* End PBXBuildFile section */

/* Begin PBXFileReference section */
		EF371FC21DE01F5C00AB5B86 /* Swift_微博.app */ = {isa = PBXFileReference; explicitFileType = wrapper.application; includeInIndex = 0; path = "Swift_微博.app"; sourceTree = BUILT_PRODUCTS_DIR; };
		EF371FC51DE01F5C00AB5B86 /* AppDelegate.swift */ = {isa = PBXFileReference; lastKnownFileType = sourcecode.swift; path = AppDelegate.swift; sourceTree = "<group>"; };
		EF371FCC1DE01F5C00AB5B86 /* Assets.xcassets */ = {isa = PBXFileReference; lastKnownFileType = folder.assetcatalog; path = Assets.xcassets; sourceTree = "<group>"; };
		EF371FCF1DE01F5C00AB5B86 /* Base */ = {isa = PBXFileReference; lastKnownFileType = file.storyboard; name = Base; path = Base.lproj/LaunchScreen.storyboard; sourceTree = "<group>"; };
		EF371FD11DE01F5C00AB5B86 /* Info.plist */ = {isa = PBXFileReference; lastKnownFileType = text.plist.xml; path = Info.plist; sourceTree = "<group>"; };
		EF371FE11DE0233A00AB5B86 /* WBMainViewController.swift */ = {isa = PBXFileReference; fileEncoding = 4; lastKnownFileType = sourcecode.swift; path = WBMainViewController.swift; sourceTree = "<group>"; };
		EF371FE31DE0237100AB5B86 /* WBNavigationController.swift */ = {isa = PBXFileReference; fileEncoding = 4; lastKnownFileType = sourcecode.swift; path = WBNavigationController.swift; sourceTree = "<group>"; };
		EF371FE51DE023AB00AB5B86 /* WBBaseViewController.swift */ = {isa = PBXFileReference; fileEncoding = 4; lastKnownFileType = sourcecode.swift; path = WBBaseViewController.swift; sourceTree = "<group>"; };
		EF371FE71DE023F500AB5B86 /* WBHomeViewController.swift */ = {isa = PBXFileReference; fileEncoding = 4; lastKnownFileType = sourcecode.swift; path = WBHomeViewController.swift; sourceTree = "<group>"; };
		EF371FE91DE0240800AB5B86 /* WBMessageViewController.swift */ = {isa = PBXFileReference; fileEncoding = 4; lastKnownFileType = sourcecode.swift; path = WBMessageViewController.swift; sourceTree = "<group>"; };
		EF371FEB1DE0241600AB5B86 /* WBProfileViewController.swift */ = {isa = PBXFileReference; fileEncoding = 4; lastKnownFileType = sourcecode.swift; path = WBProfileViewController.swift; sourceTree = "<group>"; };
		EF371FED1DE0243100AB5B86 /* WBDiscoverViewController.swift */ = {isa = PBXFileReference; fileEncoding = 4; lastKnownFileType = sourcecode.swift; path = WBDiscoverViewController.swift; sourceTree = "<group>"; };
/* End PBXFileReference section */

/* Begin PBXFrameworksBuildPhase section */
		EF371FBF1DE01F5C00AB5B86 /* Frameworks */ = {
			isa = PBXFrameworksBuildPhase;
			buildActionMask = 2147483647;
			files = (
			);
			runOnlyForDeploymentPostprocessing = 0;
		};
/* End PBXFrameworksBuildPhase section */

/* Begin PBXGroup section */
		EF371FB91DE01F5C00AB5B86 = {
			isa = PBXGroup;
			children = (
				EF371FC41DE01F5C00AB5B86 /* Swift_微博 */,
				EF371FC31DE01F5C00AB5B86 /* Products */,
			);
			sourceTree = "<group>";
		};
		EF371FC31DE01F5C00AB5B86 /* Products */ = {
			isa = PBXGroup;
			children = (
				EF371FC21DE01F5C00AB5B86 /* Swift_微博.app */,
			);
			name = Products;
			sourceTree = "<group>";
		};
		EF371FC41DE01F5C00AB5B86 /* Swift_微博 */ = {
			isa = PBXGroup;
			children = (
				EF371FD71DE022A200AB5B86 /* Classes */,
				EF371FC51DE01F5C00AB5B86 /* AppDelegate.swift */,
				EF371FCC1DE01F5C00AB5B86 /* Assets.xcassets */,
				EF371FCE1DE01F5C00AB5B86 /* LaunchScreen.storyboard */,
				EF371FD11DE01F5C00AB5B86 /* Info.plist */,
			);
			path = "Swift_微博";
			sourceTree = "<group>";
		};
		EF371FD71DE022A200AB5B86 /* Classes */ = {
			isa = PBXGroup;
			children = (
				EF371FDA1DE022A200AB5B86 /* View */,
				EF371FD81DE022A200AB5B86 /* Model */,
				EF371FD91DE022A200AB5B86 /* Tool */,
				EF371FE01DE022A200AB5B86 /* ViewModel */,
			);
			path = Classes;
			sourceTree = "<group>";
		};
		EF371FD81DE022A200AB5B86 /* Model */ = {
			isa = PBXGroup;
			children = (
			);
			path = Model;
			sourceTree = "<group>";
		};
		EF371FD91DE022A200AB5B86 /* Tool */ = {
			isa = PBXGroup;
			children = (
			);
			path = Tool;
			sourceTree = "<group>";
		};
		EF371FDA1DE022A200AB5B86 /* View */ = {
			isa = PBXGroup;
			children = (
				EF371FDB1DE022A200AB5B86 /* Discover */,
				EF371FDC1DE022A200AB5B86 /* Home */,
				EF371FDD1DE022A200AB5B86 /* Main */,
				EF371FDE1DE022A200AB5B86 /* Message */,
				EF371FDF1DE022A200AB5B86 /* Profile */,
			);
			path = View;
			sourceTree = "<group>";
		};
		EF371FDB1DE022A200AB5B86 /* Discover */ = {
			isa = PBXGroup;
			children = (
				EF371FED1DE0243100AB5B86 /* WBDiscoverViewController.swift */,
			);
			path = Discover;
			sourceTree = "<group>";
		};
		EF371FDC1DE022A200AB5B86 /* Home */ = {
			isa = PBXGroup;
			children = (
				EF371FE71DE023F500AB5B86 /* WBHomeViewController.swift */,
			);
			path = Home;
			sourceTree = "<group>";
		};
		EF371FDD1DE022A200AB5B86 /* Main */ = {
			isa = PBXGroup;
			children = (
				EF371FE11DE0233A00AB5B86 /* WBMainViewController.swift */,
				EF371FE31DE0237100AB5B86 /* WBNavigationController.swift */,
				EF371FE51DE023AB00AB5B86 /* WBBaseViewController.swift */,
			);
			path = Main;
			sourceTree = "<group>";
		};
		EF371FDE1DE022A200AB5B86 /* Message */ = {
			isa = PBXGroup;
			children = (
				EF371FE91DE0240800AB5B86 /* WBMessageViewController.swift */,
			);
			path = Message;
			sourceTree = "<group>";
		};
		EF371FDF1DE022A200AB5B86 /* Profile */ = {
			isa = PBXGroup;
			children = (
				EF371FEB1DE0241600AB5B86 /* WBProfileViewController.swift */,
			);
			path = Profile;
			sourceTree = "<group>";
		};
		EF371FE01DE022A200AB5B86 /* ViewModel */ = {
			isa = PBXGroup;
			children = (
			);
			path = ViewModel;
			sourceTree = "<group>";
		};
/* End PBXGroup section */

/* Begin PBXNativeTarget section */
		EF371FC11DE01F5C00AB5B86 /* Swift_微博 */ = {
			isa = PBXNativeTarget;
			buildConfigurationList = EF371FD41DE01F5C00AB5B86 /* Build configuration list for PBXNativeTarget "Swift_微博" */;
			buildPhases = (
				EF371FBE1DE01F5C00AB5B86 /* Sources */,
				EF371FBF1DE01F5C00AB5B86 /* Frameworks */,
				EF371FC01DE01F5C00AB5B86 /* Resources */,
			);
			buildRules = (
			);
			dependencies = (
			);
			name = "Swift_微博";
			productName = "Swift_微博";
			productReference = EF371FC21DE01F5C00AB5B86 /* Swift_微博.app */;
			productType = "com.apple.product-type.application";
		};
/* End PBXNativeTarget section */

/* Begin PBXProject section */
		EF371FBA1DE01F5C00AB5B86 /* Project object */ = {
			isa = PBXProject;
			attributes = {
				CLASSPREFIX = WB;
				LastSwiftUpdateCheck = 0810;
				LastUpgradeCheck = 0810;
				ORGANIZATIONNAME = "叶杨杨";
				TargetAttributes = {
					EF371FC11DE01F5C00AB5B86 = {
						CreatedOnToolsVersion = 8.1;
						DevelopmentTeam = WDD7BKQBDJ;
						ProvisioningStyle = Automatic;
					};
				};
			};
			buildConfigurationList = EF371FBD1DE01F5C00AB5B86 /* Build configuration list for PBXProject "Swift_微博" */;
			compatibilityVersion = "Xcode 3.2";
			developmentRegion = English;
			hasScannedForEncodings = 0;
			knownRegions = (
				en,
				Base,
			);
			mainGroup = EF371FB91DE01F5C00AB5B86;
			productRefGroup = EF371FC31DE01F5C00AB5B86 /* Products */;
			projectDirPath = "";
			projectRoot = "";
			targets = (
				EF371FC11DE01F5C00AB5B86 /* Swift_微博 */,
			);
		};
/* End PBXProject section */

/* Begin PBXResourcesBuildPhase section */
		EF371FC01DE01F5C00AB5B86 /* Resources */ = {
			isa = PBXResourcesBuildPhase;
			buildActionMask = 2147483647;
			files = (
				EF371FD01DE01F5C00AB5B86 /* LaunchScreen.storyboard in Resources */,
				EF371FCD1DE01F5C00AB5B86 /* Assets.xcassets in Resources */,
			);
			runOnlyForDeploymentPostprocessing = 0;
		};
/* End PBXResourcesBuildPhase section */

/* Begin PBXSourcesBuildPhase section */
		EF371FBE1DE01F5C00AB5B86 /* Sources */ = {
			isa = PBXSourcesBuildPhase;
			buildActionMask = 2147483647;
			files = (
				EF371FEE1DE0243100AB5B86 /* WBDiscoverViewController.swift in Sources */,
				EF371FE61DE023AB00AB5B86 /* WBBaseViewController.swift in Sources */,
				EF371FE21DE0233A00AB5B86 /* WBMainViewController.swift in Sources */,
				EF371FE81DE023F500AB5B86 /* WBHomeViewController.swift in Sources */,
				EF371FC61DE01F5C00AB5B86 /* AppDelegate.swift in Sources */,
				EF371FEC1DE0241600AB5B86 /* WBProfileViewController.swift in Sources */,
				EF371FE41DE0237100AB5B86 /* WBNavigationController.swift in Sources */,
				EF371FEA1DE0240800AB5B86 /* WBMessageViewController.swift in Sources */,
			);
			runOnlyForDeploymentPostprocessing = 0;
		};
/* End PBXSourcesBuildPhase section */

/* Begin PBXVariantGroup section */
		EF371FCE1DE01F5C00AB5B86 /* LaunchScreen.storyboard */ = {
			isa = PBXVariantGroup;
			children = (
				EF371FCF1DE01F5C00AB5B86 /* Base */,
			);
			name = LaunchScreen.storyboard;
			sourceTree = "<group>";
		};
/* End PBXVariantGroup section */

/* Begin XCBuildConfiguration section */
		EF371FD21DE01F5C00AB5B86 /* Debug */ = {
			isa = XCBuildConfiguration;
			buildSettings = {
				ALWAYS_SEARCH_USER_PATHS = NO;
				CLANG_ANALYZER_NONNULL = YES;
				CLANG_CXX_LANGUAGE_STANDARD = "gnu++0x";
				CLANG_CXX_LIBRARY = "libc++";
				CLANG_ENABLE_MODULES = YES;
				CLANG_ENABLE_OBJC_ARC = YES;
				CLANG_WARN_BOOL_CONVERSION = YES;
				CLANG_WARN_CONSTANT_CONVERSION = YES;
				CLANG_WARN_DIRECT_OBJC_ISA_USAGE = YES_ERROR;
				CLANG_WARN_DOCUMENTATION_COMMENTS = YES;
				CLANG_WARN_EMPTY_BODY = YES;
				CLANG_WARN_ENUM_CONVERSION = YES;
				CLANG_WARN_INFINITE_RECURSION = YES;
				CLANG_WARN_INT_CONVERSION = YES;
				CLANG_WARN_OBJC_ROOT_CLASS = YES_ERROR;
				CLANG_WARN_SUSPICIOUS_MOVES = YES;
				CLANG_WARN_UNREACHABLE_CODE = YES;
				CLANG_WARN__DUPLICATE_METHOD_MATCH = YES;
				"CODE_SIGN_IDENTITY[sdk=iphoneos*]" = "iPhone Developer";
				COPY_PHASE_STRIP = NO;
				DEBUG_INFORMATION_FORMAT = dwarf;
				ENABLE_STRICT_OBJC_MSGSEND = YES;
				ENABLE_TESTABILITY = YES;
				GCC_C_LANGUAGE_STANDARD = gnu99;
				GCC_DYNAMIC_NO_PIC = NO;
				GCC_NO_COMMON_BLOCKS = YES;
				GCC_OPTIMIZATION_LEVEL = 0;
				GCC_PREPROCESSOR_DEFINITIONS = (
					"DEBUG=1",
					"$(inherited)",
				);
				GCC_WARN_64_TO_32_BIT_CONVERSION = YES;
				GCC_WARN_ABOUT_RETURN_TYPE = YES_ERROR;
				GCC_WARN_UNDECLARED_SELECTOR = YES;
				GCC_WARN_UNINITIALIZED_AUTOS = YES_AGGRESSIVE;
				GCC_WARN_UNUSED_FUNCTION = YES;
				GCC_WARN_UNUSED_VARIABLE = YES;
				IPHONEOS_DEPLOYMENT_TARGET = 10.1;
				MTL_ENABLE_DEBUG_INFO = YES;
				ONLY_ACTIVE_ARCH = YES;
				SDKROOT = iphoneos;
				SWIFT_ACTIVE_COMPILATION_CONDITIONS = DEBUG;
				SWIFT_OPTIMIZATION_LEVEL = "-Onone";
				TARGETED_DEVICE_FAMILY = "1,2";
			};
			name = Debug;
		};
		EF371FD31DE01F5C00AB5B86 /* Release */ = {
			isa = XCBuildConfiguration;
			buildSettings = {
				ALWAYS_SEARCH_USER_PATHS = NO;
				CLANG_ANALYZER_NONNULL = YES;
				CLANG_CXX_LANGUAGE_STANDARD = "gnu++0x";
				CLANG_CXX_LIBRARY = "libc++";
				CLANG_ENABLE_MODULES = YES;
				CLANG_ENABLE_OBJC_ARC = YES;
				CLANG_WARN_BOOL_CONVERSION = YES;
				CLANG_WARN_CONSTANT_CONVERSION = YES;
				CLANG_WARN_DIRECT_OBJC_ISA_USAGE = YES_ERROR;
				CLANG_WARN_DOCUMENTATION_COMMENTS = YES;
				CLANG_WARN_EMPTY_BODY = YES;
				CLANG_WARN_ENUM_CONVERSION = YES;
				CLANG_WARN_INFINITE_RECURSION = YES;
				CLANG_WARN_INT_CONVERSION = YES;
				CLANG_WARN_OBJC_ROOT_CLASS = YES_ERROR;
				CLANG_WARN_SUSPICIOUS_MOVES = YES;
				CLANG_WARN_UNREACHABLE_CODE = YES;
				CLANG_WARN__DUPLICATE_METHOD_MATCH = YES;
				"CODE_SIGN_IDENTITY[sdk=iphoneos*]" = "iPhone Developer";
				COPY_PHASE_STRIP = NO;
				DEBUG_INFORMATION_FORMAT = "dwarf-with-dsym";
				ENABLE_NS_ASSERTIONS = NO;
				ENABLE_STRICT_OBJC_MSGSEND = YES;
				GCC_C_LANGUAGE_STANDARD = gnu99;
				GCC_NO_COMMON_BLOCKS = YES;
				GCC_WARN_64_TO_32_BIT_CONVERSION = YES;
				GCC_WARN_ABOUT_RETURN_TYPE = YES_ERROR;
				GCC_WARN_UNDECLARED_SELECTOR = YES;
				GCC_WARN_UNINITIALIZED_AUTOS = YES_AGGRESSIVE;
				GCC_WARN_UNUSED_FUNCTION = YES;
				GCC_WARN_UNUSED_VARIABLE = YES;
				IPHONEOS_DEPLOYMENT_TARGET = 10.1;
				MTL_ENABLE_DEBUG_INFO = NO;
				SDKROOT = iphoneos;
				SWIFT_OPTIMIZATION_LEVEL = "-Owholemodule";
				TARGETED_DEVICE_FAMILY = "1,2";
				VALIDATE_PRODUCT = YES;
			};
			name = Release;
		};
		EF371FD51DE01F5C00AB5B86 /* Debug */ = {
			isa = XCBuildConfiguration;
			buildSettings = {
				DEVELOPMENT_TEAM = WDD7BKQBDJ;
				INFOPLIST_FILE = "Swift_微博/Info.plist";
				IPHONEOS_DEPLOYMENT_TARGET = 8.0;
				LD_RUNPATH_SEARCH_PATHS = "$(inherited) @executable_path/Frameworks";
				PRODUCT_BUNDLE_IDENTIFIER = "yeyanyyang.Swift---";
				PRODUCT_NAME = "$(TARGET_NAME)";
				SWIFT_VERSION = 3.0;
			};
			name = Debug;
		};
		EF371FD61DE01F5C00AB5B86 /* Release */ = {
			isa = XCBuildConfiguration;
			buildSettings = {
				DEVELOPMENT_TEAM = WDD7BKQBDJ;
				INFOPLIST_FILE = "Swift_微博/Info.plist";
				IPHONEOS_DEPLOYMENT_TARGET = 8.0;
				LD_RUNPATH_SEARCH_PATHS = "$(inherited) @executable_path/Frameworks";
				PRODUCT_BUNDLE_IDENTIFIER = "yeyanyyang.Swift---";
				PRODUCT_NAME = "$(TARGET_NAME)";
				SWIFT_VERSION = 3.0;
			};
			name = Release;
		};
/* End XCBuildConfiguration section */

/* Begin XCConfigurationList section */
		EF371FBD1DE01F5C00AB5B86 /* Build configuration list for PBXProject "Swift_微博" */ = {
			isa = XCConfigurationList;
			buildConfigurations = (
				EF371FD21DE01F5C00AB5B86 /* Debug */,
				EF371FD31DE01F5C00AB5B86 /* Release */,
			);
			defaultConfigurationIsVisible = 0;
			defaultConfigurationName = Release;
		};
		EF371FD41DE01F5C00AB5B86 /* Build configuration list for PBXNativeTarget "Swift_微博" */ = {
			isa = XCConfigurationList;
			buildConfigurations = (
				EF371FD51DE01F5C00AB5B86 /* Debug */,
				EF371FD61DE01F5C00AB5B86 /* Release */,
			);
			defaultConfigurationIsVisible = 0;
		};
/* End XCConfigurationList section */
	};
	rootObject = EF371FBA1DE01F5C00AB5B86 /* Project object */;
}
