// !$*UTF8*$!
{
	archiveVersion = 1;
	classes = {
	};
	objectVersion = 46;
	objects = {

/* Begin PBXBuildFile section */
		EF371FFE1DE0277D00AB5B86 /* AppDelegate.swift in Sources */ = {isa = PBXBuildFile; fileRef = EF371FFD1DE0277D00AB5B86 /* AppDelegate.swift */; };
		EF3720051DE0277D00AB5B86 /* Assets.xcassets in Resources */ = {isa = PBXBuildFile; fileRef = EF3720041DE0277D00AB5B86 /* Assets.xcassets */; };
		EF3720081DE0277D00AB5B86 /* LaunchScreen.storyboard in Resources */ = {isa = PBXBuildFile; fileRef = EF3720061DE0277D00AB5B86 /* LaunchScreen.storyboard */; };
		EF3720201DE0279A00AB5B86 /* WBDiscoverViewController.swift in Sources */ = {isa = PBXBuildFile; fileRef = EF3720141DE0279A00AB5B86 /* WBDiscoverViewController.swift */; };
		EF3720211DE0279A00AB5B86 /* WBHomeViewController.swift in Sources */ = {isa = PBXBuildFile; fileRef = EF3720161DE0279A00AB5B86 /* WBHomeViewController.swift */; };
		EF3720221DE0279A00AB5B86 /* WBBaseViewController.swift in Sources */ = {isa = PBXBuildFile; fileRef = EF3720181DE0279A00AB5B86 /* WBBaseViewController.swift */; };
		EF3720231DE0279A00AB5B86 /* WBMainViewController.swift in Sources */ = {isa = PBXBuildFile; fileRef = EF3720191DE0279A00AB5B86 /* WBMainViewController.swift */; };
		EF3720241DE0279A00AB5B86 /* WBNavigationController.swift in Sources */ = {isa = PBXBuildFile; fileRef = EF37201A1DE0279A00AB5B86 /* WBNavigationController.swift */; };
		EF3720251DE0279A00AB5B86 /* WBMessageViewController.swift in Sources */ = {isa = PBXBuildFile; fileRef = EF37201C1DE0279A00AB5B86 /* WBMessageViewController.swift */; };
		EF3720261DE0279A00AB5B86 /* WBProfileViewController.swift in Sources */ = {isa = PBXBuildFile; fileRef = EF37201E1DE0279A00AB5B86 /* WBProfileViewController.swift */; };
		EF3720481DE02A2300AB5B86 /* NSString+JSON.m in Sources */ = {isa = PBXBuildFile; fileRef = EF37203E1DE02A2300AB5B86 /* NSString+JSON.m */; };
		EF37204A1DE02A2300AB5B86 /* UIBarButtonItem+Extension.m in Sources */ = {isa = PBXBuildFile; fileRef = EF3720421DE02A2300AB5B86 /* UIBarButtonItem+Extension.m */; };
		EF37204C1DE02A2300AB5B86 /* UIView+Extension.m in Sources */ = {isa = PBXBuildFile; fileRef = EF3720461DE02A2300AB5B86 /* UIView+Extension.m */; };
		EF3720521DE032A200AB5B86 /* BundleExtension.swift in Sources */ = {isa = PBXBuildFile; fileRef = EF3720511DE032A200AB5B86 /* BundleExtension.swift */; };
/* End PBXBuildFile section */

/* Begin PBXFileReference section */
		EF371FFA1DE0277D00AB5B86 /* Swift_WB.app */ = {isa = PBXFileReference; explicitFileType = wrapper.application; includeInIndex = 0; path = Swift_WB.app; sourceTree = BUILT_PRODUCTS_DIR; };
		EF371FFD1DE0277D00AB5B86 /* AppDelegate.swift */ = {isa = PBXFileReference; lastKnownFileType = sourcecode.swift; path = AppDelegate.swift; sourceTree = "<group>"; };
		EF3720041DE0277D00AB5B86 /* Assets.xcassets */ = {isa = PBXFileReference; lastKnownFileType = folder.assetcatalog; path = Assets.xcassets; sourceTree = "<group>"; };
		EF3720071DE0277D00AB5B86 /* Base */ = {isa = PBXFileReference; lastKnownFileType = file.storyboard; name = Base; path = Base.lproj/LaunchScreen.storyboard; sourceTree = "<group>"; };
		EF3720091DE0277D00AB5B86 /* Info.plist */ = {isa = PBXFileReference; lastKnownFileType = text.plist.xml; path = Info.plist; sourceTree = "<group>"; };
		EF3720141DE0279A00AB5B86 /* WBDiscoverViewController.swift */ = {isa = PBXFileReference; fileEncoding = 4; lastKnownFileType = sourcecode.swift; path = WBDiscoverViewController.swift; sourceTree = "<group>"; };
		EF3720161DE0279A00AB5B86 /* WBHomeViewController.swift */ = {isa = PBXFileReference; fileEncoding = 4; lastKnownFileType = sourcecode.swift; path = WBHomeViewController.swift; sourceTree = "<group>"; };
		EF3720181DE0279A00AB5B86 /* WBBaseViewController.swift */ = {isa = PBXFileReference; fileEncoding = 4; lastKnownFileType = sourcecode.swift; path = WBBaseViewController.swift; sourceTree = "<group>"; };
		EF3720191DE0279A00AB5B86 /* WBMainViewController.swift */ = {isa = PBXFileReference; fileEncoding = 4; lastKnownFileType = sourcecode.swift; path = WBMainViewController.swift; sourceTree = "<group>"; };
		EF37201A1DE0279A00AB5B86 /* WBNavigationController.swift */ = {isa = PBXFileReference; fileEncoding = 4; lastKnownFileType = sourcecode.swift; path = WBNavigationController.swift; sourceTree = "<group>"; };
		EF37201C1DE0279A00AB5B86 /* WBMessageViewController.swift */ = {isa = PBXFileReference; fileEncoding = 4; lastKnownFileType = sourcecode.swift; path = WBMessageViewController.swift; sourceTree = "<group>"; };
		EF37201E1DE0279A00AB5B86 /* WBProfileViewController.swift */ = {isa = PBXFileReference; fileEncoding = 4; lastKnownFileType = sourcecode.swift; path = WBProfileViewController.swift; sourceTree = "<group>"; };
		EF37203D1DE02A2300AB5B86 /* NSString+JSON.h */ = {isa = PBXFileReference; fileEncoding = 4; lastKnownFileType = sourcecode.c.h; path = "NSString+JSON.h"; sourceTree = "<group>"; };
		EF37203E1DE02A2300AB5B86 /* NSString+JSON.m */ = {isa = PBXFileReference; fileEncoding = 4; lastKnownFileType = sourcecode.c.objc; path = "NSString+JSON.m"; sourceTree = "<group>"; };
		EF3720411DE02A2300AB5B86 /* UIBarButtonItem+Extension.h */ = {isa = PBXFileReference; fileEncoding = 4; lastKnownFileType = sourcecode.c.h; path = "UIBarButtonItem+Extension.h"; sourceTree = "<group>"; };
		EF3720421DE02A2300AB5B86 /* UIBarButtonItem+Extension.m */ = {isa = PBXFileReference; fileEncoding = 4; lastKnownFileType = sourcecode.c.objc; path = "UIBarButtonItem+Extension.m"; sourceTree = "<group>"; };
		EF3720451DE02A2300AB5B86 /* UIView+Extension.h */ = {isa = PBXFileReference; fileEncoding = 4; lastKnownFileType = sourcecode.c.h; path = "UIView+Extension.h"; sourceTree = "<group>"; };
		EF3720461DE02A2300AB5B86 /* UIView+Extension.m */ = {isa = PBXFileReference; fileEncoding = 4; lastKnownFileType = sourcecode.c.objc; path = "UIView+Extension.m"; sourceTree = "<group>"; };
		EF37204F1DE02CD300AB5B86 /* Swift-Briding-Header.h */ = {isa = PBXFileReference; lastKnownFileType = sourcecode.c.h; path = "Swift-Briding-Header.h"; sourceTree = "<group>"; };
		EF3720501DE02D1100AB5B86 /* ToolHeader.h */ = {isa = PBXFileReference; lastKnownFileType = sourcecode.c.h; path = ToolHeader.h; sourceTree = "<group>"; };
		EF3720511DE032A200AB5B86 /* BundleExtension.swift */ = {isa = PBXFileReference; fileEncoding = 4; lastKnownFileType = sourcecode.swift; path = BundleExtension.swift; sourceTree = "<group>"; };
/* End PBXFileReference section */

/* Begin PBXFrameworksBuildPhase section */
		EF371FF71DE0277D00AB5B86 /* Frameworks */ = {
			isa = PBXFrameworksBuildPhase;
			buildActionMask = 2147483647;
			files = (
			);
			runOnlyForDeploymentPostprocessing = 0;
		};
/* End PBXFrameworksBuildPhase section */

/* Begin PBXGroup section */
		EF371FF11DE0277D00AB5B86 = {
			isa = PBXGroup;
			children = (
				EF371FFC1DE0277D00AB5B86 /* Swift_WB */,
				EF371FFB1DE0277D00AB5B86 /* Products */,
			);
			sourceTree = "<group>";
		};
		EF371FFB1DE0277D00AB5B86 /* Products */ = {
			isa = PBXGroup;
			children = (
				EF371FFA1DE0277D00AB5B86 /* Swift_WB.app */,
			);
			name = Products;
			sourceTree = "<group>";
		};
		EF371FFC1DE0277D00AB5B86 /* Swift_WB */ = {
			isa = PBXGroup;
			children = (
				EF37200F1DE0279A00AB5B86 /* Classes */,
				EF371FFD1DE0277D00AB5B86 /* AppDelegate.swift */,
				EF37204F1DE02CD300AB5B86 /* Swift-Briding-Header.h */,
				EF3720041DE0277D00AB5B86 /* Assets.xcassets */,
				EF3720061DE0277D00AB5B86 /* LaunchScreen.storyboard */,
				EF3720091DE0277D00AB5B86 /* Info.plist */,
			);
			name = Swift_WB;
			path = "Swift_WB(微博)";
			sourceTree = "<group>";
		};
		EF37200F1DE0279A00AB5B86 /* Classes */ = {
			isa = PBXGroup;
			children = (
				EF3720101DE0279A00AB5B86 /* Model */,
				EF3720111DE0279A00AB5B86 /* Tool */,
				EF3720121DE0279A00AB5B86 /* View */,
				EF37201F1DE0279A00AB5B86 /* ViewModel */,
			);
			path = Classes;
			sourceTree = "<group>";
		};
		EF3720101DE0279A00AB5B86 /* Model */ = {
			isa = PBXGroup;
			children = (
			);
			path = Model;
			sourceTree = "<group>";
		};
		EF3720111DE0279A00AB5B86 /* Tool */ = {
			isa = PBXGroup;
			children = (
				EF3720511DE032A200AB5B86 /* BundleExtension.swift */,
				EF37203A1DE02A2300AB5B86 /* Category */,
			);
			path = Tool;
			sourceTree = "<group>";
		};
		EF3720121DE0279A00AB5B86 /* View */ = {
			isa = PBXGroup;
			children = (
				EF3720131DE0279A00AB5B86 /* Discover */,
				EF3720151DE0279A00AB5B86 /* Home */,
				EF3720171DE0279A00AB5B86 /* Main */,
				EF37201B1DE0279A00AB5B86 /* Message */,
				EF37201D1DE0279A00AB5B86 /* Profile */,
			);
			path = View;
			sourceTree = "<group>";
		};
		EF3720131DE0279A00AB5B86 /* Discover */ = {
			isa = PBXGroup;
			children = (
				EF3720141DE0279A00AB5B86 /* WBDiscoverViewController.swift */,
			);
			path = Discover;
			sourceTree = "<group>";
		};
		EF3720151DE0279A00AB5B86 /* Home */ = {
			isa = PBXGroup;
			children = (
				EF3720161DE0279A00AB5B86 /* WBHomeViewController.swift */,
			);
			path = Home;
			sourceTree = "<group>";
		};
		EF3720171DE0279A00AB5B86 /* Main */ = {
			isa = PBXGroup;
			children = (
				EF37201A1DE0279A00AB5B86 /* WBNavigationController.swift */,
				EF3720191DE0279A00AB5B86 /* WBMainViewController.swift */,
				EF3720181DE0279A00AB5B86 /* WBBaseViewController.swift */,
			);
			path = Main;
			sourceTree = "<group>";
		};
		EF37201B1DE0279A00AB5B86 /* Message */ = {
			isa = PBXGroup;
			children = (
				EF37201C1DE0279A00AB5B86 /* WBMessageViewController.swift */,
			);
			path = Message;
			sourceTree = "<group>";
		};
		EF37201D1DE0279A00AB5B86 /* Profile */ = {
			isa = PBXGroup;
			children = (
				EF37201E1DE0279A00AB5B86 /* WBProfileViewController.swift */,
			);
			path = Profile;
			sourceTree = "<group>";
		};
		EF37201F1DE0279A00AB5B86 /* ViewModel */ = {
			isa = PBXGroup;
			children = (
			);
			path = ViewModel;
			sourceTree = "<group>";
		};
		EF37203A1DE02A2300AB5B86 /* Category */ = {
			isa = PBXGroup;
			children = (
				EF37203D1DE02A2300AB5B86 /* NSString+JSON.h */,
				EF37203E1DE02A2300AB5B86 /* NSString+JSON.m */,
				EF3720411DE02A2300AB5B86 /* UIBarButtonItem+Extension.h */,
				EF3720421DE02A2300AB5B86 /* UIBarButtonItem+Extension.m */,
				EF3720451DE02A2300AB5B86 /* UIView+Extension.h */,
				EF3720461DE02A2300AB5B86 /* UIView+Extension.m */,
				EF3720501DE02D1100AB5B86 /* ToolHeader.h */,
			);
			path = Category;
			sourceTree = "<group>";
		};
/* End PBXGroup section */

/* Begin PBXNativeTarget section */
		EF371FF91DE0277D00AB5B86 /* Swift_WB */ = {
			isa = PBXNativeTarget;
			buildConfigurationList = EF37200C1DE0277D00AB5B86 /* Build configuration list for PBXNativeTarget "Swift_WB" */;
			buildPhases = (
				EF371FF61DE0277D00AB5B86 /* Sources */,
				EF371FF71DE0277D00AB5B86 /* Frameworks */,
				EF371FF81DE0277D00AB5B86 /* Resources */,
			);
			buildRules = (
			);
			dependencies = (
			);
			name = Swift_WB;
			productName = "Swift_WB(微博)";
			productReference = EF371FFA1DE0277D00AB5B86 /* Swift_WB.app */;
			productType = "com.apple.product-type.application";
		};
/* End PBXNativeTarget section */

/* Begin PBXProject section */
		EF371FF21DE0277D00AB5B86 /* Project object */ = {
			isa = PBXProject;
			attributes = {
				CLASSPREFIX = WB;
				LastSwiftUpdateCheck = 0810;
				LastUpgradeCheck = 0810;
				ORGANIZATIONNAME = "叶杨杨";
				TargetAttributes = {
					EF371FF91DE0277D00AB5B86 = {
						CreatedOnToolsVersion = 8.1;
						DevelopmentTeam = WDD7BKQBDJ;
						LastSwiftMigration = 0810;
						ProvisioningStyle = Automatic;
					};
				};
			};
			buildConfigurationList = EF371FF51DE0277D00AB5B86 /* Build configuration list for PBXProject "Swift_WB" */;
			compatibilityVersion = "Xcode 3.2";
			developmentRegion = English;
			hasScannedForEncodings = 0;
			knownRegions = (
				en,
				Base,
			);
			mainGroup = EF371FF11DE0277D00AB5B86;
			productRefGroup = EF371FFB1DE0277D00AB5B86 /* Products */;
			projectDirPath = "";
			projectRoot = "";
			targets = (
				EF371FF91DE0277D00AB5B86 /* Swift_WB */,
			);
		};
/* End PBXProject section */

/* Begin PBXResourcesBuildPhase section */
		EF371FF81DE0277D00AB5B86 /* Resources */ = {
			isa = PBXResourcesBuildPhase;
			buildActionMask = 2147483647;
			files = (
				EF3720081DE0277D00AB5B86 /* LaunchScreen.storyboard in Resources */,
				EF3720051DE0277D00AB5B86 /* Assets.xcassets in Resources */,
			);
			runOnlyForDeploymentPostprocessing = 0;
		};
/* End PBXResourcesBuildPhase section */

/* Begin PBXSourcesBuildPhase section */
		EF371FF61DE0277D00AB5B86 /* Sources */ = {
			isa = PBXSourcesBuildPhase;
			buildActionMask = 2147483647;
			files = (
				EF37204A1DE02A2300AB5B86 /* UIBarButtonItem+Extension.m in Sources */,
				EF3720221DE0279A00AB5B86 /* WBBaseViewController.swift in Sources */,
				EF3720261DE0279A00AB5B86 /* WBProfileViewController.swift in Sources */,
				EF3720251DE0279A00AB5B86 /* WBMessageViewController.swift in Sources */,
				EF3720201DE0279A00AB5B86 /* WBDiscoverViewController.swift in Sources */,
				EF3720241DE0279A00AB5B86 /* WBNavigationController.swift in Sources */,
				EF3720481DE02A2300AB5B86 /* NSString+JSON.m in Sources */,
				EF371FFE1DE0277D00AB5B86 /* AppDelegate.swift in Sources */,
				EF37204C1DE02A2300AB5B86 /* UIView+Extension.m in Sources */,
				EF3720211DE0279A00AB5B86 /* WBHomeViewController.swift in Sources */,
				EF3720231DE0279A00AB5B86 /* WBMainViewController.swift in Sources */,
				EF3720521DE032A200AB5B86 /* BundleExtension.swift in Sources */,
			);
			runOnlyForDeploymentPostprocessing = 0;
		};
/* End PBXSourcesBuildPhase section */

/* Begin PBXVariantGroup section */
		EF3720061DE0277D00AB5B86 /* LaunchScreen.storyboard */ = {
			isa = PBXVariantGroup;
			children = (
				EF3720071DE0277D00AB5B86 /* Base */,
			);
			name = LaunchScreen.storyboard;
			sourceTree = "<group>";
		};
/* End PBXVariantGroup section */

/* Begin XCBuildConfiguration section */
		EF37200A1DE0277D00AB5B86 /* Debug */ = {
			isa = XCBuildConfiguration;
			buildSettings = {
				ALWAYS_SEARCH_USER_PATHS = NO;
				CLANG_ANALYZER_NONNULL = YES;
				CLANG_CXX_LANGUAGE_STANDARD = "gnu++0x";
				CLANG_CXX_LIBRARY = "libc++";
				CLANG_ENABLE_MODULES = YES;
				CLANG_ENABLE_OBJC_ARC = YES;
				CLANG_WARN_BOOL_CONVERSION = YES;
				CLANG_WARN_CONSTANT_CONVERSION = YES;
				CLANG_WARN_DIRECT_OBJC_ISA_USAGE = YES_ERROR;
				CLANG_WARN_DOCUMENTATION_COMMENTS = YES;
				CLANG_WARN_EMPTY_BODY = YES;
				CLANG_WARN_ENUM_CONVERSION = YES;
				CLANG_WARN_INFINITE_RECURSION = YES;
				CLANG_WARN_INT_CONVERSION = YES;
				CLANG_WARN_OBJC_ROOT_CLASS = YES_ERROR;
				CLANG_WARN_SUSPICIOUS_MOVES = YES;
				CLANG_WARN_UNREACHABLE_CODE = YES;
				CLANG_WARN__DUPLICATE_METHOD_MATCH = YES;
				"CODE_SIGN_IDENTITY[sdk=iphoneos*]" = "iPhone Developer";
				COPY_PHASE_STRIP = NO;
				DEBUG_INFORMATION_FORMAT = dwarf;
				ENABLE_STRICT_OBJC_MSGSEND = YES;
				ENABLE_TESTABILITY = YES;
				GCC_C_LANGUAGE_STANDARD = gnu99;
				GCC_DYNAMIC_NO_PIC = NO;
				GCC_NO_COMMON_BLOCKS = YES;
				GCC_OPTIMIZATION_LEVEL = 0;
				GCC_PREPROCESSOR_DEFINITIONS = (
					"DEBUG=1",
					"$(inherited)",
				);
				GCC_WARN_64_TO_32_BIT_CONVERSION = YES;
				GCC_WARN_ABOUT_RETURN_TYPE = YES_ERROR;
				GCC_WARN_UNDECLARED_SELECTOR = YES;
				GCC_WARN_UNINITIALIZED_AUTOS = YES_AGGRESSIVE;
				GCC_WARN_UNUSED_FUNCTION = YES;
				GCC_WARN_UNUSED_VARIABLE = YES;
				IPHONEOS_DEPLOYMENT_TARGET = 10.1;
				MTL_ENABLE_DEBUG_INFO = YES;
				ONLY_ACTIVE_ARCH = YES;
				SDKROOT = iphoneos;
				SWIFT_ACTIVE_COMPILATION_CONDITIONS = DEBUG;
				SWIFT_OPTIMIZATION_LEVEL = "-Onone";
				TARGETED_DEVICE_FAMILY = "1,2";
			};
			name = Debug;
		};
		EF37200B1DE0277D00AB5B86 /* Release */ = {
			isa = XCBuildConfiguration;
			buildSettings = {
				ALWAYS_SEARCH_USER_PATHS = NO;
				CLANG_ANALYZER_NONNULL = YES;
				CLANG_CXX_LANGUAGE_STANDARD = "gnu++0x";
				CLANG_CXX_LIBRARY = "libc++";
				CLANG_ENABLE_MODULES = YES;
				CLANG_ENABLE_OBJC_ARC = YES;
				CLANG_WARN_BOOL_CONVERSION = YES;
				CLANG_WARN_CONSTANT_CONVERSION = YES;
				CLANG_WARN_DIRECT_OBJC_ISA_USAGE = YES_ERROR;
				CLANG_WARN_DOCUMENTATION_COMMENTS = YES;
				CLANG_WARN_EMPTY_BODY = YES;
				CLANG_WARN_ENUM_CONVERSION = YES;
				CLANG_WARN_INFINITE_RECURSION = YES;
				CLANG_WARN_INT_CONVERSION = YES;
				CLANG_WARN_OBJC_ROOT_CLASS = YES_ERROR;
				CLANG_WARN_SUSPICIOUS_MOVES = YES;
				CLANG_WARN_UNREACHABLE_CODE = YES;
				CLANG_WARN__DUPLICATE_METHOD_MATCH = YES;
				"CODE_SIGN_IDENTITY[sdk=iphoneos*]" = "iPhone Developer";
				COPY_PHASE_STRIP = NO;
				DEBUG_INFORMATION_FORMAT = "dwarf-with-dsym";
				ENABLE_NS_ASSERTIONS = NO;
				ENABLE_STRICT_OBJC_MSGSEND = YES;
				GCC_C_LANGUAGE_STANDARD = gnu99;
				GCC_NO_COMMON_BLOCKS = YES;
				GCC_WARN_64_TO_32_BIT_CONVERSION = YES;
				GCC_WARN_ABOUT_RETURN_TYPE = YES_ERROR;
				GCC_WARN_UNDECLARED_SELECTOR = YES;
				GCC_WARN_UNINITIALIZED_AUTOS = YES_AGGRESSIVE;
				GCC_WARN_UNUSED_FUNCTION = YES;
				GCC_WARN_UNUSED_VARIABLE = YES;
				IPHONEOS_DEPLOYMENT_TARGET = 10.1;
				MTL_ENABLE_DEBUG_INFO = NO;
				SDKROOT = iphoneos;
				SWIFT_OPTIMIZATION_LEVEL = "-Owholemodule";
				TARGETED_DEVICE_FAMILY = "1,2";
				VALIDATE_PRODUCT = YES;
			};
			name = Release;
		};
		EF37200D1DE0277D00AB5B86 /* Debug */ = {
			isa = XCBuildConfiguration;
			buildSettings = {
				ASSETCATALOG_COMPILER_APPICON_NAME = AppIcon;
				CLANG_ENABLE_MODULES = YES;
				DEVELOPMENT_TEAM = WDD7BKQBDJ;
				INFOPLIST_FILE = "Swift_WB(微博)/Info.plist";
				LD_RUNPATH_SEARCH_PATHS = "$(inherited) @executable_path/Frameworks";
				PRODUCT_BUNDLE_IDENTIFIER = "yeyanyyang.Swift-WB----";
				PRODUCT_NAME = "$(TARGET_NAME)";
				SWIFT_OBJC_BRIDGING_HEADER = "Swift_WB(微博)/Swift-Briding-Header.h";
				SWIFT_OPTIMIZATION_LEVEL = "-Onone";
				SWIFT_VERSION = 3.0;
			};
			name = Debug;
		};
		EF37200E1DE0277D00AB5B86 /* Release */ = {
			isa = XCBuildConfiguration;
			buildSettings = {
				ASSETCATALOG_COMPILER_APPICON_NAME = AppIcon;
				CLANG_ENABLE_MODULES = YES;
				DEVELOPMENT_TEAM = WDD7BKQBDJ;
				INFOPLIST_FILE = "Swift_WB(微博)/Info.plist";
				LD_RUNPATH_SEARCH_PATHS = "$(inherited) @executable_path/Frameworks";
				PRODUCT_BUNDLE_IDENTIFIER = "yeyanyyang.Swift-WB----";
				PRODUCT_NAME = "$(TARGET_NAME)";
				SWIFT_OBJC_BRIDGING_HEADER = "Swift_WB(微博)/Swift-Briding-Header.h";
				SWIFT_VERSION = 3.0;
			};
			name = Release;
		};
/* End XCBuildConfiguration section */

/* Begin XCConfigurationList section */
		EF371FF51DE0277D00AB5B86 /* Build configuration list for PBXProject "Swift_WB" */ = {
			isa = XCConfigurationList;
			buildConfigurations = (
				EF37200A1DE0277D00AB5B86 /* Debug */,
				EF37200B1DE0277D00AB5B86 /* Release */,
			);
			defaultConfigurationIsVisible = 0;
			defaultConfigurationName = Release;
		};
		EF37200C1DE0277D00AB5B86 /* Build configuration list for PBXNativeTarget "Swift_WB" */ = {
			isa = XCConfigurationList;
			buildConfigurations = (
				EF37200D1DE0277D00AB5B86 /* Debug */,
				EF37200E1DE0277D00AB5B86 /* Release */,
			);
			defaultConfigurationIsVisible = 0;
			defaultConfigurationName = Release;
		};
/* End XCConfigurationList section */
	};
	rootObject = EF371FF21DE0277D00AB5B86 /* Project object */;
}
